
Microsoft Visual Studio Solution File, Format Version 12.00
# Visual Studio Version 17
VisualStudioVersion = 17.6.33829.357
MinimumVisualStudioVersion = 10.0.40219.1
Project("{FAE04EC0-301F-11D3-BF4B-00C04F79EFBC}") = "Project", "Project\Project.csproj", "{ACCE9D3C-F498-437F-B699-1D7293CAF447}"
EndProject
Global
	GlobalSection(SolutionConfigurationPlatforms) = preSolution
		Debug|Any CPU = Debug|Any CPU
		Release|Any CPU = Release|Any CPU
	EndGlobalSection
	GlobalSection(ProjectConfigurationPlatforms) = postSolution
		{ACCE9D3C-F498-437F-B699-1D7293CAF447}.Debug|Any CPU.ActiveCfg = Debug|Any CPU
		{ACCE9D3C-F498-437F-B699-1D7293CAF447}.Debug|Any CPU.Build.0 = Debug|Any CPU
		{ACCE9D3C-F498-437F-B699-1D7293CAF447}.Release|Any CPU.ActiveCfg = Release|Any CPU
		{ACCE9D3C-F498-437F-B699-1D7293CAF447}.Release|Any CPU.Build.0 = Release|Any CPU
	EndGlobalSection
	GlobalSection(SolutionProperties) = preSolution
		HideSolutionNode = FALSE
	EndGlobalSection
	GlobalSection(ExtensibilityGlobals) = postSolution
		SolutionGuid = {8D524020-DCC2-4D64-B189-66C89DF31D4C}
	EndGlobalSection
EndGlobal
